
Microsoft Visual Studio Solution File, Format Version 12.00
# Visual Studio Version 16
VisualStudioVersion = 16.0.31702.278
MinimumVisualStudioVersion = 10.0.40219.1
Project("{9A19103F-16F7-4668-BE54-9A1E7A4F7556}") = "OOP_HW_4_1", "OOP_HW_4_1.csproj", "{51743835-581A-4785-B0E3-EE85D6B25BE4}"
EndProject
Project("{9A19103F-16F7-4668-BE54-9A1E7A4F7556}") = "OOP_HW_4_2", "..\OOP_HW_4_2\OOP_HW_4_2.csproj", "{BAF252CB-D3A3-408A-8B03-DE6D8CD33334}"
EndProject
Project("{9A19103F-16F7-4668-BE54-9A1E7A4F7556}") = "OOP_HW_4_3", "..\OOP_HW_4_3\OOP_HW_4_3.csproj", "{74C824B2-C538-4A67-90E6-88595BECC7AF}"
EndProject
Global
	GlobalSection(SolutionConfigurationPlatforms) = preSolution
		Debug|Any CPU = Debug|Any CPU
		Release|Any CPU = Release|Any CPU
	EndGlobalSection
	GlobalSection(ProjectConfigurationPlatforms) = postSolution
		{51743835-581A-4785-B0E3-EE85D6B25BE4}.Debug|Any CPU.ActiveCfg = Debug|Any CPU
		{51743835-581A-4785-B0E3-EE85D6B25BE4}.Debug|Any CPU.Build.0 = Debug|Any CPU
		{51743835-581A-4785-B0E3-EE85D6B25BE4}.Release|Any CPU.ActiveCfg = Release|Any CPU
		{51743835-581A-4785-B0E3-EE85D6B25BE4}.Release|Any CPU.Build.0 = Release|Any CPU
		{BAF252CB-D3A3-408A-8B03-DE6D8CD33334}.Debug|Any CPU.ActiveCfg = Debug|Any CPU
		{BAF252CB-D3A3-408A-8B03-DE6D8CD33334}.Debug|Any CPU.Build.0 = Debug|Any CPU
		{BAF252CB-D3A3-408A-8B03-DE6D8CD33334}.Release|Any CPU.ActiveCfg = Release|Any CPU
		{BAF252CB-D3A3-408A-8B03-DE6D8CD33334}.Release|Any CPU.Build.0 = Release|Any CPU
		{74C824B2-C538-4A67-90E6-88595BECC7AF}.Debug|Any CPU.ActiveCfg = Debug|Any CPU
		{74C824B2-C538-4A67-90E6-88595BECC7AF}.Debug|Any CPU.Build.0 = Debug|Any CPU
		{74C824B2-C538-4A67-90E6-88595BECC7AF}.Release|Any CPU.ActiveCfg = Release|Any CPU
		{74C824B2-C538-4A67-90E6-88595BECC7AF}.Release|Any CPU.Build.0 = Release|Any CPU
	EndGlobalSection
	GlobalSection(SolutionProperties) = preSolution
		HideSolutionNode = FALSE
	EndGlobalSection
	GlobalSection(ExtensibilityGlobals) = postSolution
		SolutionGuid = {C7DD578C-BD8B-4723-A830-07DA9752B999}
	EndGlobalSection
EndGlobal
